{
  "version": 4,
  "terraform_version": "0.12.2",
  "serial": 19,
  "lineage": "9cb431e8-6afd-0e16-a6b2-6909a290d316",
  "outputs": {
    "config_map_aws_auth": {
      "value": "\n\napiVersion: v1\nkind: ConfigMap\nmetadata:\n  name: aws-auth\n  namespace: kube-system\ndata:\n  mapRoles: |\n    - rolearn: arn:aws:iam::877477519598:role/terraform-eks-hari-node\n      username: system:node:{{EC2PrivateDNSName}}\n      groups:\n        - system:bootstrappers\n        - system:nodes\n",
      "type": "string"
    },
    "kubeconfig": {
      "value": "\n\napiVersion: v1\nclusters:\n- cluster:\n    server: https://0121576CF7EDFAF12AF98883614FA168.gr7.us-east-1.eks.amazonaws.com\n    certificate-authority-data: LS0tLS1CRUdJTiBDRVJUSUZJQ0FURS0tLS0tCk1JSUM1ekNDQWMrZ0F3SUJBZ0lCQURBTkJna3Foa2lHOXcwQkFRc0ZBREFWTVJNd0VRWURWUVFERXdwcmRXSmwKY201bGRHVnpNQjRYRFRJeU1EY3lNVEU0TURVMU5sb1hEVE15TURjeE9ERTRNRFUxTmxvd0ZURVRNQkVHQTFVRQpBeE1LYTNWaVpYSnVaWFJsY3pDQ0FTSXdEUVlKS29aSWh2Y05BUUVCQlFBRGdnRVBBRENDQVFvQ2dnRUJBTVBYCmRONEtqMHhibW1sczZNNXJ6c2VrNDk5U0N5dE92WEs1Rmo1aURVeG9DSmgzSmhqNUZTR0t5bGo4WG9XVXh0OGgKcmExd2JuY3JRTTdGVmdjTjFFYVJMZnhNcllCSXpKeUt5WjlPbVdYbU8yUFMxd2g5WmtjUTBnbmRYSDBmNW9ITApTSWZtUjkzR3AvZ2Z4WExtQld5WmRTQzE3d3ZIUTVxOHY2QlpGY1NQeHkxaUlQK2dwZEMvS3NZR2lOYzczN0haCm5Ib091WXBBWEprYjFDVzcwMGpFS09NOHpRM25IRkJRZFV4bVAwNzh6blR2RUtFUytDUG03VnNsWDBpbnB0aGgKRnd0QnBKYUlSWC9uRnE5Q2YveUNMK2NVQXZQUkU5VUJtTWJKaGtGQ3RWa1VFY1E3Z3NpN1dra24xa09WTU9aOApNOU5ZMENUTXBRZENCMHBqdklrQ0F3RUFBYU5DTUVBd0RnWURWUjBQQVFIL0JBUURBZ0trTUE4R0ExVWRFd0VCCi93UUZNQU1CQWY4d0hRWURWUjBPQkJZRUZCS2I4TS8yTFAxcTVCRkdTdW9FOFE4QU9FbFdNQTBHQ1NxR1NJYjMKRFFFQkN3VUFBNElCQVFDTFl3SzFlMGpVTXh2d1RtMEdwWEdVSlArT21JYVhIMGJDMlRrdUc1SUxvbm9qRVdoaApMOENKRXZxc1orc2drZ1YwN2FJMyt4cFhKUk13ZjI3WlV4dlJYc3lmaHYybzhyV05GZjMwVXlyMDVkR1pVL09ZClJQalJtYmlSZ0FyeUdWYS82RHJTcWwvRUV6SVQ2bEgwRGRweXlsblZKb0hIM1lsdjZOQXRQMkNYRTVTSU5jTDgKWWgzNDVSQkFmS0lYdUZ3Q0E2MjdnWFF4VytkV25iVHorSHZvb1NnVlhFaUs1VWxMSUxDaVhUV1pDWmlJOFNVdAoxNU93UnBTekRzUVdnTjRJZ1hnSjlKazE1S2tyOVNoWFRjM2tQK0U4cWR6R1lmMDVjV0E4TjNwK1ZLaS80eTBtCkVTcGFKVUdxQ1E2SVFvWi9oZnpEYWo1bEVwOE9vOTV2TXZzSgotLS0tLUVORCBDRVJUSUZJQ0FURS0tLS0tCg==\n  name: kubernetes\ncontexts:\n- context:\n    cluster: kubernetes\n    user: aws\n  name: aws\ncurrent-context: aws\nkind: Config\npreferences: {}\nusers:\n- name: aws\n  user:\n    exec:\n      apiVersion: client.authentication.k8s.io/v1beta1\n      command: aws-iam-authenticator\n      args:\n        - \"token\"\n        - \"-i\"\n        - \"terraform-eks-hari\"\n",
      "type": "string"
    }
  },
  "resources": [
    {
      "mode": "data",
      "type": "aws_availability_zones",
      "name": "available",
      "provider": "provider.aws",
      "instances": [
        {
          "schema_version": 0,
          "attributes": {
            "all_availability_zones": null,
            "exclude_names": null,
            "exclude_zone_ids": null,
            "filter": null,
            "group_names": [
              "us-east-1"
            ],
            "id": "us-east-1",
            "names": [
              "us-east-1a",
              "us-east-1b",
              "us-east-1c",
              "us-east-1d",
              "us-east-1e",
              "us-east-1f"
            ],
            "state": null,
            "zone_ids": [
              "use1-az6",
              "use1-az1",
              "use1-az2",
              "use1-az4",
              "use1-az3",
              "use1-az5"
            ]
          }
        }
      ]
    },
    {
      "mode": "data",
      "type": "http",
      "name": "workstation-external-ip",
      "provider": "provider.http",
      "instances": [
        {
          "schema_version": 0,
          "attributes": {
            "body": "18.205.191.218\n",
            "id": "http://ipv4.icanhazip.com",
            "request_headers": null,
            "response_headers": {
              "Access-Control-Allow-Methods": "GET",
              "Access-Control-Allow-Origin": "*",
              "Alt-Svc": "h3=\":443\"; ma=86400, h3-29=\":443\"; ma=86400",
              "Cf-Ray": "72e5d40de9718220-IAD",
              "Connection": "keep-alive",
              "Content-Length": "15",
              "Content-Type": "text/plain",
              "Date": "Thu, 21 Jul 2022 17:59:04 GMT",
              "Server": "cloudflare",
              "Set-Cookie": "__cf_bm=oTxQDDE6Mawu3Sb9I5yU36cZEc87qET2y1io3E_IhKo-1658426344-0-AQyGURX92c313wsX7jAWbtqOrwdSRjk5/Q8vwz3IOsotZAtlrlcZEsYgL79IIbpLqtgF2Vhs2uT+Na3ejsEdbhg=; path=/; expires=Thu, 21-Jul-22 18:29:04 GMT; domain=.icanhazip.com; HttpOnly; SameSite=None",
              "Vary": "Accept-Encoding"
            },
            "url": "http://ipv4.icanhazip.com"
          }
        }
      ]
    },
    {
      "mode": "managed",
      "type": "aws_eks_cluster",
      "name": "hari",
      "provider": "provider.aws",
      "instances": [
        {
          "schema_version": 0,
          "attributes": {
            "arn": "arn:aws:eks:us-east-1:877477519598:cluster/terraform-eks-hari",
            "certificate_authority": [
              {
                "data": "LS0tLS1CRUdJTiBDRVJUSUZJQ0FURS0tLS0tCk1JSUM1ekNDQWMrZ0F3SUJBZ0lCQURBTkJna3Foa2lHOXcwQkFRc0ZBREFWTVJNd0VRWURWUVFERXdwcmRXSmwKY201bGRHVnpNQjRYRFRJeU1EY3lNVEU0TURVMU5sb1hEVE15TURjeE9ERTRNRFUxTmxvd0ZURVRNQkVHQTFVRQpBeE1LYTNWaVpYSnVaWFJsY3pDQ0FTSXdEUVlKS29aSWh2Y05BUUVCQlFBRGdnRVBBRENDQVFvQ2dnRUJBTVBYCmRONEtqMHhibW1sczZNNXJ6c2VrNDk5U0N5dE92WEs1Rmo1aURVeG9DSmgzSmhqNUZTR0t5bGo4WG9XVXh0OGgKcmExd2JuY3JRTTdGVmdjTjFFYVJMZnhNcllCSXpKeUt5WjlPbVdYbU8yUFMxd2g5WmtjUTBnbmRYSDBmNW9ITApTSWZtUjkzR3AvZ2Z4WExtQld5WmRTQzE3d3ZIUTVxOHY2QlpGY1NQeHkxaUlQK2dwZEMvS3NZR2lOYzczN0haCm5Ib091WXBBWEprYjFDVzcwMGpFS09NOHpRM25IRkJRZFV4bVAwNzh6blR2RUtFUytDUG03VnNsWDBpbnB0aGgKRnd0QnBKYUlSWC9uRnE5Q2YveUNMK2NVQXZQUkU5VUJtTWJKaGtGQ3RWa1VFY1E3Z3NpN1dra24xa09WTU9aOApNOU5ZMENUTXBRZENCMHBqdklrQ0F3RUFBYU5DTUVBd0RnWURWUjBQQVFIL0JBUURBZ0trTUE4R0ExVWRFd0VCCi93UUZNQU1CQWY4d0hRWURWUjBPQkJZRUZCS2I4TS8yTFAxcTVCRkdTdW9FOFE4QU9FbFdNQTBHQ1NxR1NJYjMKRFFFQkN3VUFBNElCQVFDTFl3SzFlMGpVTXh2d1RtMEdwWEdVSlArT21JYVhIMGJDMlRrdUc1SUxvbm9qRVdoaApMOENKRXZxc1orc2drZ1YwN2FJMyt4cFhKUk13ZjI3WlV4dlJYc3lmaHYybzhyV05GZjMwVXlyMDVkR1pVL09ZClJQalJtYmlSZ0FyeUdWYS82RHJTcWwvRUV6SVQ2bEgwRGRweXlsblZKb0hIM1lsdjZOQXRQMkNYRTVTSU5jTDgKWWgzNDVSQkFmS0lYdUZ3Q0E2MjdnWFF4VytkV25iVHorSHZvb1NnVlhFaUs1VWxMSUxDaVhUV1pDWmlJOFNVdAoxNU93UnBTekRzUVdnTjRJZ1hnSjlKazE1S2tyOVNoWFRjM2tQK0U4cWR6R1lmMDVjV0E4TjNwK1ZLaS80eTBtCkVTcGFKVUdxQ1E2SVFvWi9oZnpEYWo1bEVwOE9vOTV2TXZzSgotLS0tLUVORCBDRVJUSUZJQ0FURS0tLS0tCg=="
              }
            ],
            "created_at": "2022-07-21 17:59:25.842 +0000 UTC",
            "enabled_cluster_log_types": null,
            "encryption_config": [],
            "endpoint": "https://0121576CF7EDFAF12AF98883614FA168.gr7.us-east-1.eks.amazonaws.com",
            "id": "terraform-eks-hari",
            "identity": [
              {
                "oidc": [
                  {
                    "issuer": "https://oidc.eks.us-east-1.amazonaws.com/id/0121576CF7EDFAF12AF98883614FA168"
                  }
                ]
              }
            ],
            "kubernetes_network_config": [
              {
                "service_ipv4_cidr": "172.20.0.0/16"
              }
            ],
            "name": "terraform-eks-hari",
            "platform_version": "eks.7",
            "role_arn": "arn:aws:iam::877477519598:role/terraform-eks-hari-cluster",
            "status": "ACTIVE",
            "tags": null,
            "timeouts": null,
            "version": "1.20",
            "vpc_config": [
              {
                "cluster_security_group_id": "sg-04df4fca39604ebd5",
                "endpoint_private_access": false,
                "endpoint_public_access": true,
                "public_access_cidrs": [
                  "0.0.0.0/0"
                ],
                "security_group_ids": [
                  "sg-06553e998de987887"
                ],
                "subnet_ids": [
                  "subnet-06b204c5b4f77223b",
                  "subnet-0c20ea35fe27b17d5"
                ],
                "vpc_id": "vpc-0f4ed6f512c87c79a"
              }
            ]
          },
          "private": "eyJlMmJmYjczMC1lY2FhLTExZTYtOGY4OC0zNDM2M2JjN2M0YzAiOnsiY3JlYXRlIjoxODAwMDAwMDAwMDAwLCJkZWxldGUiOjkwMDAwMDAwMDAwMCwidXBkYXRlIjozNjAwMDAwMDAwMDAwfX0=",
          "depends_on": [
            "aws_iam_role.hari-cluster",
            "aws_iam_role_policy_attachment.hari-cluster-AmazonEKSClusterPolicy",
            "aws_iam_role_policy_attachment.hari-cluster-AmazonEKSVPCResourceController",
            "aws_security_group.hari-cluster",
            "aws_subnet.hari"
          ]
        }
      ]
    },
    {
      "mode": "managed",
      "type": "aws_eks_node_group",
      "name": "hari",
      "provider": "provider.aws",
      "instances": [
        {
          "schema_version": 0,
          "attributes": {
            "ami_type": "AL2_x86_64",
            "arn": "arn:aws:eks:us-east-1:877477519598:nodegroup/terraform-eks-hari/hari/d8c110f9-a164-4dcf-63e3-54cbf205faa7",
            "capacity_type": "ON_DEMAND",
            "cluster_name": "terraform-eks-hari",
            "disk_size": 10,
            "force_update_version": null,
            "id": "terraform-eks-hari:hari",
            "instance_types": [
              "t2.medium"
            ],
            "labels": null,
            "launch_template": [],
            "node_group_name": "hari",
            "node_role_arn": "arn:aws:iam::877477519598:role/terraform-eks-hari-node",
            "release_version": "1.20.15-20220629",
            "remote_access": [],
            "resources": [
              {
                "autoscaling_groups": [
                  {
                    "name": "eks-d8c110f9-a164-4dcf-63e3-54cbf205faa7"
                  }
                ],
                "remote_access_security_group_id": ""
              }
            ],
            "scaling_config": [
              {
                "desired_size": 2,
                "max_size": 4,
                "min_size": 2
              }
            ],
            "status": "ACTIVE",
            "subnet_ids": [
              "subnet-06b204c5b4f77223b",
              "subnet-0c20ea35fe27b17d5"
            ],
            "tags": null,
            "timeouts": null,
            "version": "1.20"
          },
          "private": "eyJlMmJmYjczMC1lY2FhLTExZTYtOGY4OC0zNDM2M2JjN2M0YzAiOnsiY3JlYXRlIjozNjAwMDAwMDAwMDAwLCJkZWxldGUiOjM2MDAwMDAwMDAwMDAsInVwZGF0ZSI6MzYwMDAwMDAwMDAwMH19",
          "depends_on": [
            "aws_eks_cluster.hari",
            "aws_iam_role.hari-node",
            "aws_iam_role_policy_attachment.hari-node-AmazonEC2ContainerRegistryReadOnly",
            "aws_iam_role_policy_attachment.hari-node-AmazonEKSWorkerNodePolicy",
            "aws_iam_role_policy_attachment.hari-node-AmazonEKS_CNI_Policy",
            "aws_subnet.hari"
          ]
        }
      ]
    },
    {
      "mode": "managed",
      "type": "aws_iam_role",
      "name": "hari-cluster",
      "provider": "provider.aws",
      "instances": [
        {
          "schema_version": 0,
          "attributes": {
            "arn": "arn:aws:iam::877477519598:role/terraform-eks-hari-cluster",
            "assume_role_policy": "{\"Version\":\"2012-10-17\",\"Statement\":[{\"Effect\":\"Allow\",\"Principal\":{\"Service\":\"eks.amazonaws.com\"},\"Action\":\"sts:AssumeRole\"}]}",
            "create_date": "2022-07-21T17:59:12Z",
            "description": "",
            "force_detach_policies": false,
            "id": "terraform-eks-hari-cluster",
            "inline_policy": [
              {
                "name": "",
                "policy": ""
              }
            ],
            "managed_policy_arns": [],
            "max_session_duration": 3600,
            "name": "terraform-eks-hari-cluster",
            "name_prefix": null,
            "path": "/",
            "permissions_boundary": null,
            "tags": null,
            "unique_id": "AROA4YTN4MDXICBJSZC7W"
          },
          "private": "bnVsbA=="
        }
      ]
    },
    {
      "mode": "managed",
      "type": "aws_iam_role",
      "name": "hari-node",
      "provider": "provider.aws",
      "instances": [
        {
          "schema_version": 0,
          "attributes": {
            "arn": "arn:aws:iam::877477519598:role/terraform-eks-hari-node",
            "assume_role_policy": "{\"Version\":\"2012-10-17\",\"Statement\":[{\"Effect\":\"Allow\",\"Principal\":{\"Service\":\"ec2.amazonaws.com\"},\"Action\":\"sts:AssumeRole\"}]}",
            "create_date": "2022-07-21T17:59:12Z",
            "description": "",
            "force_detach_policies": false,
            "id": "terraform-eks-hari-node",
            "inline_policy": [
              {
                "name": "",
                "policy": ""
              }
            ],
            "managed_policy_arns": [],
            "max_session_duration": 3600,
            "name": "terraform-eks-hari-node",
            "name_prefix": null,
            "path": "/",
            "permissions_boundary": null,
            "tags": null,
            "unique_id": "AROA4YTN4MDXEHBPJAMLX"
          },
          "private": "bnVsbA=="
        }
      ]
    },
    {
      "mode": "managed",
      "type": "aws_iam_role_policy_attachment",
      "name": "hari-cluster-AmazonEKSClusterPolicy",
      "provider": "provider.aws",
      "instances": [
        {
          "schema_version": 0,
          "attributes": {
            "id": "terraform-eks-hari-cluster-20220721175912345800000002",
            "policy_arn": "arn:aws:iam::aws:policy/AmazonEKSClusterPolicy",
            "role": "terraform-eks-hari-cluster"
          },
          "private": "bnVsbA==",
          "depends_on": [
            "aws_iam_role.hari-cluster"
          ]
        }
      ]
    },
    {
      "mode": "managed",
      "type": "aws_iam_role_policy_attachment",
      "name": "hari-cluster-AmazonEKSVPCResourceController",
      "provider": "provider.aws",
      "instances": [
        {
          "schema_version": 0,
          "attributes": {
            "id": "terraform-eks-hari-cluster-20220721175912351500000003",
            "policy_arn": "arn:aws:iam::aws:policy/AmazonEKSVPCResourceController",
            "role": "terraform-eks-hari-cluster"
          },
          "private": "bnVsbA==",
          "depends_on": [
            "aws_iam_role.hari-cluster"
          ]
        }
      ]
    },
    {
      "mode": "managed",
      "type": "aws_iam_role_policy_attachment",
      "name": "hari-node-AmazonEC2ContainerRegistryReadOnly",
      "provider": "provider.aws",
      "instances": [
        {
          "schema_version": 0,
          "attributes": {
            "id": "terraform-eks-hari-node-20220721175912352900000005",
            "policy_arn": "arn:aws:iam::aws:policy/AmazonEC2ContainerRegistryReadOnly",
            "role": "terraform-eks-hari-node"
          },
          "private": "bnVsbA==",
          "depends_on": [
            "aws_iam_role.hari-node"
          ]
        }
      ]
    },
    {
      "mode": "managed",
      "type": "aws_iam_role_policy_attachment",
      "name": "hari-node-AmazonEKSWorkerNodePolicy",
      "provider": "provider.aws",
      "instances": [
        {
          "schema_version": 0,
          "attributes": {
            "id": "terraform-eks-hari-node-20220721175912344600000001",
            "policy_arn": "arn:aws:iam::aws:policy/AmazonEKSWorkerNodePolicy",
            "role": "terraform-eks-hari-node"
          },
          "private": "bnVsbA==",
          "depends_on": [
            "aws_iam_role.hari-node"
          ]
        }
      ]
    },
    {
      "mode": "managed",
      "type": "aws_iam_role_policy_attachment",
      "name": "hari-node-AmazonEKS_CNI_Policy",
      "provider": "provider.aws",
      "instances": [
        {
          "schema_version": 0,
          "attributes": {
            "id": "terraform-eks-hari-node-20220721175912352100000004",
            "policy_arn": "arn:aws:iam::aws:policy/AmazonEKS_CNI_Policy",
            "role": "terraform-eks-hari-node"
          },
          "private": "bnVsbA==",
          "depends_on": [
            "aws_iam_role.hari-node"
          ]
        }
      ]
    },
    {
      "mode": "managed",
      "type": "aws_internet_gateway",
      "name": "hari",
      "provider": "provider.aws",
      "instances": [
        {
          "schema_version": 0,
          "attributes": {
            "arn": "arn:aws:ec2:us-east-1:877477519598:internet-gateway/igw-0d9321c4baa8cb9e7",
            "id": "igw-0d9321c4baa8cb9e7",
            "owner_id": "877477519598",
            "tags": {
              "Name": "terraform-eks-hari"
            },
            "vpc_id": "vpc-0f4ed6f512c87c79a"
          },
          "private": "bnVsbA==",
          "depends_on": [
            "aws_vpc.hari"
          ]
        }
      ]
    },
    {
      "mode": "managed",
      "type": "aws_route_table",
      "name": "hari",
      "provider": "provider.aws",
      "instances": [
        {
          "schema_version": 0,
          "attributes": {
            "arn": "arn:aws:ec2:us-east-1:877477519598:route-table/rtb-0f777996a938f3251",
            "id": "rtb-0f777996a938f3251",
            "owner_id": "877477519598",
            "propagating_vgws": [],
            "route": [
              {
                "carrier_gateway_id": "",
                "cidr_block": "0.0.0.0/0",
                "destination_prefix_list_id": "",
                "egress_only_gateway_id": "",
                "gateway_id": "igw-0d9321c4baa8cb9e7",
                "instance_id": "",
                "ipv6_cidr_block": "",
                "local_gateway_id": "",
                "nat_gateway_id": "",
                "network_interface_id": "",
                "transit_gateway_id": "",
                "vpc_endpoint_id": "",
                "vpc_peering_connection_id": ""
              }
            ],
            "tags": null,
            "vpc_id": "vpc-0f4ed6f512c87c79a"
          },
          "private": "bnVsbA==",
          "depends_on": [
            "aws_internet_gateway.hari",
            "aws_vpc.hari"
          ]
        }
      ]
    },
    {
      "mode": "managed",
      "type": "aws_route_table_association",
      "name": "hari",
      "each": "list",
      "provider": "provider.aws",
      "instances": [
        {
          "index_key": 0,
          "schema_version": 0,
          "attributes": {
            "gateway_id": null,
            "id": "rtbassoc-0f642eda86fcf8086",
            "route_table_id": "rtb-0f777996a938f3251",
            "subnet_id": "subnet-0c20ea35fe27b17d5"
          },
          "private": "bnVsbA==",
          "depends_on": [
            "aws_route_table.hari",
            "aws_subnet.hari"
          ]
        },
        {
          "index_key": 1,
          "schema_version": 0,
          "attributes": {
            "gateway_id": null,
            "id": "rtbassoc-0deb6021299d975e6",
            "route_table_id": "rtb-0f777996a938f3251",
            "subnet_id": "subnet-06b204c5b4f77223b"
          },
          "private": "bnVsbA==",
          "depends_on": [
            "aws_route_table.hari",
            "aws_subnet.hari"
          ]
        }
      ]
    },
    {
      "mode": "managed",
      "type": "aws_security_group",
      "name": "hari-cluster",
      "provider": "provider.aws",
      "instances": [
        {
          "schema_version": 1,
          "attributes": {
            "arn": "arn:aws:ec2:us-east-1:877477519598:security-group/sg-06553e998de987887",
            "description": "Cluster communication with worker nodes",
            "egress": [
              {
                "cidr_blocks": [
                  "0.0.0.0/0"
                ],
                "description": "",
                "from_port": 0,
                "ipv6_cidr_blocks": [],
                "prefix_list_ids": [],
                "protocol": "-1",
                "security_groups": [],
                "self": false,
                "to_port": 0
              }
            ],
            "id": "sg-06553e998de987887",
            "ingress": [],
            "name": "terraform-eks-hari-cluster",
            "name_prefix": "",
            "owner_id": "877477519598",
            "revoke_rules_on_delete": false,
            "tags": {
              "Name": "terraform-eks-hari"
            },
            "timeouts": null,
            "vpc_id": "vpc-0f4ed6f512c87c79a"
          },
          "private": "eyJlMmJmYjczMC1lY2FhLTExZTYtOGY4OC0zNDM2M2JjN2M0YzAiOnsiY3JlYXRlIjo2MDAwMDAwMDAwMDAsImRlbGV0ZSI6OTAwMDAwMDAwMDAwfSwic2NoZW1hX3ZlcnNpb24iOiIxIn0=",
          "depends_on": [
            "aws_vpc.hari"
          ]
        }
      ]
    },
    {
      "mode": "managed",
      "type": "aws_security_group_rule",
      "name": "hari-cluster-ingress-workstation-https",
      "provider": "provider.aws",
      "instances": [
        {
          "schema_version": 2,
          "attributes": {
            "cidr_blocks": [
              "18.205.191.218/32"
            ],
            "description": "Allow workstation to communicate with the cluster API Server",
            "from_port": 443,
            "id": "sgrule-2693994860",
            "ipv6_cidr_blocks": null,
            "prefix_list_ids": null,
            "protocol": "tcp",
            "security_group_id": "sg-06553e998de987887",
            "self": false,
            "source_security_group_id": null,
            "to_port": 443,
            "type": "ingress"
          },
          "private": "eyJzY2hlbWFfdmVyc2lvbiI6IjIifQ==",
          "depends_on": [
            "aws_security_group.hari-cluster"
          ]
        }
      ]
    },
    {
      "mode": "managed",
      "type": "aws_subnet",
      "name": "hari",
      "each": "list",
      "provider": "provider.aws",
      "instances": [
        {
          "index_key": 0,
          "schema_version": 1,
          "attributes": {
            "arn": "arn:aws:ec2:us-east-1:877477519598:subnet/subnet-0c20ea35fe27b17d5",
            "assign_ipv6_address_on_creation": false,
            "availability_zone": "us-east-1a",
            "availability_zone_id": "use1-az6",
            "cidr_block": "10.0.0.0/24",
            "customer_owned_ipv4_pool": "",
            "id": "subnet-0c20ea35fe27b17d5",
            "ipv6_cidr_block": "",
            "ipv6_cidr_block_association_id": "",
            "map_customer_owned_ip_on_launch": false,
            "map_public_ip_on_launch": true,
            "outpost_arn": "",
            "owner_id": "877477519598",
            "tags": {
              "Name": "terraform-eks-hari-node",
              "kubernetes.io/cluster/terraform-eks-hari": "shared"
            },
            "tags_all": {
              "Name": "terraform-eks-hari-node",
              "kubernetes.io/cluster/terraform-eks-hari": "shared"
            },
            "timeouts": null,
            "vpc_id": "vpc-0f4ed6f512c87c79a"
          },
          "private": "eyJlMmJmYjczMC1lY2FhLTExZTYtOGY4OC0zNDM2M2JjN2M0YzAiOnsiY3JlYXRlIjo2MDAwMDAwMDAwMDAsImRlbGV0ZSI6MTIwMDAwMDAwMDAwMH0sInNjaGVtYV92ZXJzaW9uIjoiMSJ9",
          "depends_on": [
            "aws_vpc.hari",
            "data.aws_availability_zones.available"
          ]
        },
        {
          "index_key": 1,
          "schema_version": 1,
          "attributes": {
            "arn": "arn:aws:ec2:us-east-1:877477519598:subnet/subnet-06b204c5b4f77223b",
            "assign_ipv6_address_on_creation": false,
            "availability_zone": "us-east-1b",
            "availability_zone_id": "use1-az1",
            "cidr_block": "10.0.1.0/24",
            "customer_owned_ipv4_pool": "",
            "id": "subnet-06b204c5b4f77223b",
            "ipv6_cidr_block": "",
            "ipv6_cidr_block_association_id": "",
            "map_customer_owned_ip_on_launch": false,
            "map_public_ip_on_launch": true,
            "outpost_arn": "",
            "owner_id": "877477519598",
            "tags": {
              "Name": "terraform-eks-hari-node",
              "kubernetes.io/cluster/terraform-eks-hari": "shared"
            },
            "tags_all": {
              "Name": "terraform-eks-hari-node",
              "kubernetes.io/cluster/terraform-eks-hari": "shared"
            },
            "timeouts": null,
            "vpc_id": "vpc-0f4ed6f512c87c79a"
          },
          "private": "eyJlMmJmYjczMC1lY2FhLTExZTYtOGY4OC0zNDM2M2JjN2M0YzAiOnsiY3JlYXRlIjo2MDAwMDAwMDAwMDAsImRlbGV0ZSI6MTIwMDAwMDAwMDAwMH0sInNjaGVtYV92ZXJzaW9uIjoiMSJ9",
          "depends_on": [
            "aws_vpc.hari",
            "data.aws_availability_zones.available"
          ]
        }
      ]
    },
    {
      "mode": "managed",
      "type": "aws_vpc",
      "name": "hari",
      "provider": "provider.aws",
      "instances": [
        {
          "schema_version": 1,
          "attributes": {
            "arn": "arn:aws:ec2:us-east-1:877477519598:vpc/vpc-0f4ed6f512c87c79a",
            "assign_generated_ipv6_cidr_block": false,
            "cidr_block": "10.0.0.0/16",
            "default_network_acl_id": "acl-01d687c8f68c908be",
            "default_route_table_id": "rtb-009c4cc5ff1c6cacb",
            "default_security_group_id": "sg-08fe8d9e5bbe3f38a",
            "dhcp_options_id": "dopt-a6d8badc",
            "enable_classiclink": false,
            "enable_classiclink_dns_support": false,
            "enable_dns_hostnames": false,
            "enable_dns_support": true,
            "id": "vpc-0f4ed6f512c87c79a",
            "instance_tenancy": "default",
            "ipv6_association_id": "",
            "ipv6_cidr_block": "",
            "main_route_table_id": "rtb-009c4cc5ff1c6cacb",
            "owner_id": "877477519598",
            "tags": {
              "Name": "terraform-eks-hari-node",
              "kubernetes.io/cluster/terraform-eks-hari": "shared"
            },
            "tags_all": {
              "Name": "terraform-eks-hari-node",
              "kubernetes.io/cluster/terraform-eks-hari": "shared"
            }
          },
          "private": "eyJzY2hlbWFfdmVyc2lvbiI6IjEifQ=="
        }
      ]
    }
  ]
}
